{
  "version": 4,
  "terraform_version": "1.12.6",
  "serial": 25,
  "lineage": "89d13688-3471-fccf-146b-df7b9783583e",
  "outputs": {
    "ips": {
      "value": {
        "devops-1": "192.168.122.202",
        "devops-2": "192.168.122.46",
        "devops-3": "192.168.122.126",
        "devops-4": "192.168.122.30"
      },
      "type": [
        "object",
        {
          "devops-1": "string",
          "devops-2": "string",
          "devops-3": "string",
          "devops-4": "string"
        }
      ]
    }
  },
  "resources": [
    {
      "mode": "managed",
      "type": "libvirt_cloudinit_disk",
      "name": "init",
      "provider": "provider[\"registry.opentofu.org/dmacvicar/libvirt\"]",
      "instances": [
        {
          "index_key": 0,
          "schema_version": 0,
          "attributes": {
            "id": "/var/lib/libvirt/images/devops-1.cloudinit.iso;33de5a2b-5bc9-4082-98c8-77f36e63ca14",
            "meta_data": "",
            "name": "devops-1.cloudinit.iso",
            "network_config": "",
            "pool": "default",
            "user_data": "#cloud-config\nhostname: devops-1\nmanage_etc_hosts: true\n\nusers:\n  - default\n  - name: marcos\n    gecos: DevOps lab\n    groups:\n      - adm\n      - sudo\n    shell: /bin/bash\n    sudo:\n      - ALL=(ALL) NOPASSWD:ALL\n    ssh_authorized_keys:\n      - ssh-ed25519 AAAAC3NzaC1lZDI1NTE5AAAAIKKUfDNAoypZoZt0eYDGKRnKDazoMgSTQyFRXhVRHSCa devops-lab # vai ser substituido pelo opentofu\n\nssh_pwauth: false\ndisable_root: true"
          },
          "sensitive_attributes": [],
          "private": "bnVsbA=="
        },
        {
          "index_key": 1,
          "schema_version": 0,
          "attributes": {
            "id": "/var/lib/libvirt/images/devops-2.cloudinit.iso;153bd1fc-166c-4995-bb43-44e42746e239",
            "meta_data": "",
            "name": "devops-2.cloudinit.iso",
            "network_config": "",
            "pool": "default",
            "user_data": "#cloud-config\nhostname: devops-2\nmanage_etc_hosts: true\n\nusers:\n  - default\n  - name: marcos\n    gecos: DevOps lab\n    groups:\n      - adm\n      - sudo\n    shell: /bin/bash\n    sudo:\n      - ALL=(ALL) NOPASSWD:ALL\n    ssh_authorized_keys:\n      - ssh-ed25519 AAAAC3NzaC1lZDI1NTE5AAAAIKKUfDNAoypZoZt0eYDGKRnKDazoMgSTQyFRXhVRHSCa devops-lab # vai ser substituido pelo opentofu\n\nssh_pwauth: false\ndisable_root: true"
          },
          "sensitive_attributes": [],
          "private": "bnVsbA=="
        },
        {
          "index_key": 2,
          "schema_version": 0,
          "attributes": {
            "id": "/var/lib/libvirt/images/devops-3.cloudinit.iso;d83e50ac-e662-47a8-b989-7e233619b8b1",
            "meta_data": "",
            "name": "devops-3.cloudinit.iso",
            "network_config": "",
            "pool": "default",
            "user_data": "#cloud-config\nhostname: devops-3\nmanage_etc_hosts: true\n\nusers:\n  - default\n  - name: marcos\n    gecos: DevOps lab\n    groups:\n      - adm\n      - sudo\n    shell: /bin/bash\n    sudo:\n      - ALL=(ALL) NOPASSWD:ALL\n    ssh_authorized_keys:\n      - ssh-ed25519 AAAAC3NzaC1lZDI1NTE5AAAAIKKUfDNAoypZoZt0eYDGKRnKDazoMgSTQyFRXhVRHSCa devops-lab # vai ser substituido pelo opentofu\n\nssh_pwauth: false\ndisable_root: true"
          },
          "sensitive_attributes": [],
          "private": "bnVsbA=="
        },
        {
          "index_key": 3,
          "schema_version": 0,
          "attributes": {
            "id": "/var/lib/libvirt/images/devops-4.cloudinit.iso;c8360516-2e50-47e6-ae63-a69b6a95df45",
            "meta_data": "",
            "name": "devops-4.cloudinit.iso",
            "network_config": "",
            "pool": "default",
            "user_data": "#cloud-config\nhostname: devops-4\nmanage_etc_hosts: true\n\nusers:\n  - default\n  - name: marcos\n    gecos: DevOps lab\n    groups:\n      - adm\n      - sudo\n    shell: /bin/bash\n    sudo:\n      - ALL=(ALL) NOPASSWD:ALL\n    ssh_authorized_keys:\n      - ssh-ed25519 AAAAC3NzaC1lZDI1NTE5AAAAIKKUfDNAoypZoZt0eYDGKRnKDazoMgSTQyFRXhVRHSCa devops-lab # vai ser substituido pelo opentofu\n\nssh_pwauth: false\ndisable_root: true"
          },
          "sensitive_attributes": [],
          "private": "bnVsbA=="
        }
      ]
    },
    {
      "mode": "managed",
      "type": "libvirt_domain",
      "name": "vm",
      "provider": "provider[\"registry.opentofu.org/dmacvicar/libvirt\"]",
      "instances": [
        {
          "index_key": 0,
          "schema_version": 0,
          "attributes": {
            "arch": "x86_64",
            "autostart": false,
            "boot_device": [],
            "cloudinit": "/var/lib/libvirt/images/devops-1.cloudinit.iso;33de5a2b-5bc9-4082-98c8-77f36e63ca14",
            "cmdline": null,
            "console": [
              {
                "source_host": "127.0.0.1",
                "source_path": "",
                "source_service": "0",
                "target_port": "0",
                "target_type": "serial",
                "type": "pty"
              }
            ],
            "coreos_ignition": null,
            "cpu": [
              {
                "mode": "custom"
              }
            ],
            "description": "",
            "disk": [
              {
                "block_device": "",
                "file": "",
                "scsi": false,
                "url": "",
                "volume_id": "/var/lib/libvirt/images/dev-ops-1.qcow2",
                "wwn": ""
              }
            ],
            "emulator": "/usr/bin/qemu-system-x86_64",
            "filesystem": [],
            "firmware": null,
            "fw_cfg_name": "opt/com.coreos/config",
            "graphics": [],
            "id": "56ac6e85-c057-4188-ab82-8f39a52f07cd",
            "initrd": "",
            "kernel": "",
            "machine": "pc",
            "memory": 1024,
            "metadata": null,
            "name": "devops-1",
            "network_interface": [
              {
                "addresses": [
                  "192.168.122.202"
                ],
                "bridge": "",
                "hostname": "",
                "mac": "52:54:00:F2:E8:89",
                "macvtap": "",
                "network_id": "9aaf2d09-d899-4d47-825b-a64e1fdc20a4",
                "network_name": "default",
                "passthrough": "",
                "private": "",
                "vepa": "",
                "wait_for_lease": true
              }
            ],
            "nvram": null,
            "qemu_agent": false,
            "running": true,
            "timeouts": null,
            "tpm": [],
            "type": "kvm",
            "vcpu": 1,
            "video": [],
            "xml": []
          },
          "sensitive_attributes": [],
          "private": "eyJlMmJmYjczMC1lY2FhLTExZTYtOGY4OC0zNDM2M2JjN2M0YzAiOnsiY3JlYXRlIjozMDAwMDAwMDAwMDB9fQ==",
          "dependencies": [
            "libvirt_cloudinit_disk.init",
            "libvirt_volume.ubuntu_base",
            "libvirt_volume.vm_disk"
          ]
        },
        {
          "index_key": 1,
          "schema_version": 0,
          "attributes": {
            "arch": "x86_64",
            "autostart": false,
            "boot_device": [],
            "cloudinit": "/var/lib/libvirt/images/devops-2.cloudinit.iso;153bd1fc-166c-4995-bb43-44e42746e239",
            "cmdline": null,
            "console": [
              {
                "source_host": "127.0.0.1",
                "source_path": "",
                "source_service": "0",
                "target_port": "0",
                "target_type": "serial",
                "type": "pty"
              }
            ],
            "coreos_ignition": null,
            "cpu": [
              {
                "mode": "custom"
              }
            ],
            "description": "",
            "disk": [
              {
                "block_device": "",
                "file": "",
                "scsi": false,
                "url": "",
                "volume_id": "/var/lib/libvirt/images/dev-ops-2.qcow2",
                "wwn": ""
              }
            ],
            "emulator": "/usr/bin/qemu-system-x86_64",
            "filesystem": [],
            "firmware": null,
            "fw_cfg_name": "opt/com.coreos/config",
            "graphics": [],
            "id": "1bb5de05-6798-466f-a34c-0b880bd70d5d",
            "initrd": "",
            "kernel": "",
            "machine": "pc",
            "memory": 1024,
            "metadata": null,
            "name": "devops-2",
            "network_interface": [
              {
                "addresses": [
                  "192.168.122.46"
                ],
                "bridge": "",
                "hostname": "",
                "mac": "52:54:00:B2:EF:CD",
                "macvtap": "",
                "network_id": "9aaf2d09-d899-4d47-825b-a64e1fdc20a4",
                "network_name": "default",
                "passthrough": "",
                "private": "",
                "vepa": "",
                "wait_for_lease": true
              }
            ],
            "nvram": null,
            "qemu_agent": false,
            "running": true,
            "timeouts": null,
            "tpm": [],
            "type": "kvm",
            "vcpu": 1,
            "video": [],
            "xml": []
          },
          "sensitive_attributes": [],
          "private": "eyJlMmJmYjczMC1lY2FhLTExZTYtOGY4OC0zNDM2M2JjN2M0YzAiOnsiY3JlYXRlIjozMDAwMDAwMDAwMDB9fQ==",
          "dependencies": [
            "libvirt_cloudinit_disk.init",
            "libvirt_volume.ubuntu_base",
            "libvirt_volume.vm_disk"
          ]
        },
        {
          "index_key": 2,
          "schema_version": 0,
          "attributes": {
            "arch": "x86_64",
            "autostart": false,
            "boot_device": [],
            "cloudinit": "/var/lib/libvirt/images/devops-3.cloudinit.iso;d83e50ac-e662-47a8-b989-7e233619b8b1",
            "cmdline": null,
            "console": [
              {
                "source_host": "127.0.0.1",
                "source_path": "",
                "source_service": "0",
                "target_port": "0",
                "target_type": "serial",
                "type": "pty"
              }
            ],
            "coreos_ignition": null,
            "cpu": [
              {
                "mode": "custom"
              }
            ],
            "description": "",
            "disk": [
              {
                "block_device": "",
                "file": "",
                "scsi": false,
                "url": "",
                "volume_id": "/var/lib/libvirt/images/dev-ops-3.qcow2",
                "wwn": ""
              }
            ],
            "emulator": "/usr/bin/qemu-system-x86_64",
            "filesystem": [],
            "firmware": null,
            "fw_cfg_name": "opt/com.coreos/config",
            "graphics": [],
            "id": "6e4096d2-d64a-4a95-95e6-f22d2cadad0b",
            "initrd": "",
            "kernel": "",
            "machine": "pc",
            "memory": 1024,
            "metadata": null,
            "name": "devops-3",
            "network_interface": [
              {
                "addresses": [
                  "192.168.122.126"
                ],
                "bridge": "",
                "hostname": "",
                "mac": "52:54:00:B2:3B:59",
                "macvtap": "",
                "network_id": "9aaf2d09-d899-4d47-825b-a64e1fdc20a4",
                "network_name": "default",
                "passthrough": "",
                "private": "",
                "vepa": "",
                "wait_for_lease": true
              }
            ],
            "nvram": null,
            "qemu_agent": false,
            "running": true,
            "timeouts": null,
            "tpm": [],
            "type": "kvm",
            "vcpu": 1,
            "video": [],
            "xml": []
          },
          "sensitive_attributes": [],
          "private": "eyJlMmJmYjczMC1lY2FhLTExZTYtOGY4OC0zNDM2M2JjN2M0YzAiOnsiY3JlYXRlIjozMDAwMDAwMDAwMDB9fQ==",
          "dependencies": [
            "libvirt_cloudinit_disk.init",
            "libvirt_volume.ubuntu_base",
            "libvirt_volume.vm_disk"
          ]
        },
        {
          "index_key": 3,
          "schema_version": 0,
          "attributes": {
            "arch": "x86_64",
            "autostart": false,
            "boot_device": [],
            "cloudinit": "/var/lib/libvirt/images/devops-4.cloudinit.iso;c8360516-2e50-47e6-ae63-a69b6a95df45",
            "cmdline": null,
            "console": [
              {
                "source_host": "127.0.0.1",
                "source_path": "",
                "source_service": "0",
                "target_port": "0",
                "target_type": "serial",
                "type": "pty"
              }
            ],
            "coreos_ignition": null,
            "cpu": [
              {
                "mode": "custom"
              }
            ],
            "description": "",
            "disk": [
              {
                "block_device": "",
                "file": "",
                "scsi": false,
                "url": "",
                "volume_id": "/var/lib/libvirt/images/dev-ops-4.qcow2",
                "wwn": ""
              }
            ],
            "emulator": "/usr/bin/qemu-system-x86_64",
            "filesystem": [],
            "firmware": null,
            "fw_cfg_name": "opt/com.coreos/config",
            "graphics": [],
            "id": "9914e178-ea9c-4dd1-bded-dff796b934e4",
            "initrd": "",
            "kernel": "",
            "machine": "pc",
            "memory": 1024,
            "metadata": null,
            "name": "devops-4",
            "network_interface": [
              {
                "addresses": [
                  "192.168.122.30"
                ],
                "bridge": "",
                "hostname": "",
                "mac": "52:54:00:36:1E:4C",
                "macvtap": "",
                "network_id": "9aaf2d09-d899-4d47-825b-a64e1fdc20a4",
                "network_name": "default",
                "passthrough": "",
                "private": "",
                "vepa": "",
                "wait_for_lease": true
              }
            ],
            "nvram": null,
            "qemu_agent": false,
            "running": true,
            "timeouts": null,
            "tpm": [],
            "type": "kvm",
            "vcpu": 1,
            "video": [],
            "xml": []
          },
          "sensitive_attributes": [],
          "private": "eyJlMmJmYjczMC1lY2FhLTExZTYtOGY4OC0zNDM2M2JjN2M0YzAiOnsiY3JlYXRlIjozMDAwMDAwMDAwMDB9fQ==",
          "dependencies": [
            "libvirt_cloudinit_disk.init",
            "libvirt_volume.ubuntu_base",
            "libvirt_volume.vm_disk"
          ]
        }
      ]
    },
    {
      "mode": "managed",
      "type": "libvirt_volume",
      "name": "ubuntu_base",
      "provider": "provider[\"registry.opentofu.org/dmacvicar/libvirt\"]",
      "instances": [
        {
          "schema_version": 0,
          "attributes": {
            "base_volume_id": null,
            "base_volume_name": null,
            "base_volume_pool": null,
            "format": "qcow2",
            "id": "/var/lib/libvirt/images/ubuntu-24.04-base.qcow2",
            "name": "ubuntu-24.04-base.qcow2",
            "pool": "default",
            "size": 3758096384,
            "source": "https://cloud-images.ubuntu.com/noble/current/noble-server-cloudimg-amd64.img",
            "xml": []
          },
          "sensitive_attributes": [],
          "private": "bnVsbA=="
        }
      ]
    },
    {
      "mode": "managed",
      "type": "libvirt_volume",
      "name": "vm_disk",
      "provider": "provider[\"registry.opentofu.org/dmacvicar/libvirt\"]",
      "instances": [
        {
          "index_key": 0,
          "schema_version": 0,
          "attributes": {
            "base_volume_id": "/var/lib/libvirt/images/ubuntu-24.04-base.qcow2",
            "base_volume_name": null,
            "base_volume_pool": null,
            "format": "qcow2",
            "id": "/var/lib/libvirt/images/dev-ops-1.qcow2",
            "name": "dev-ops-1.qcow2",
            "pool": "default",
            "size": 10737418240,
            "source": null,
            "xml": []
          },
          "sensitive_attributes": [],
          "private": "bnVsbA==",
          "dependencies": [
            "libvirt_volume.ubuntu_base"
          ]
        },
        {
          "index_key": 1,
          "schema_version": 0,
          "attributes": {
            "base_volume_id": "/var/lib/libvirt/images/ubuntu-24.04-base.qcow2",
            "base_volume_name": null,
            "base_volume_pool": null,
            "format": "qcow2",
            "id": "/var/lib/libvirt/images/dev-ops-2.qcow2",
            "name": "dev-ops-2.qcow2",
            "pool": "default",
            "size": 10737418240,
            "source": null,
            "xml": []
          },
          "sensitive_attributes": [],
          "private": "bnVsbA==",
          "dependencies": [
            "libvirt_volume.ubuntu_base"
          ]
        },
        {
          "index_key": 2,
          "schema_version": 0,
          "attributes": {
            "base_volume_id": "/var/lib/libvirt/images/ubuntu-24.04-base.qcow2",
            "base_volume_name": null,
            "base_volume_pool": null,
            "format": "qcow2",
            "id": "/var/lib/libvirt/images/dev-ops-3.qcow2",
            "name": "dev-ops-3.qcow2",
            "pool": "default",
            "size": 10737418240,
            "source": null,
            "xml": []
          },
          "sensitive_attributes": [],
          "private": "bnVsbA==",
          "dependencies": [
            "libvirt_volume.ubuntu_base"
          ]
        },
        {
          "index_key": 3,
          "schema_version": 0,
          "attributes": {
            "base_volume_id": "/var/lib/libvirt/images/ubuntu-24.04-base.qcow2",
            "base_volume_name": null,
            "base_volume_pool": null,
            "format": "qcow2",
            "id": "/var/lib/libvirt/images/dev-ops-4.qcow2",
            "name": "dev-ops-4.qcow2",
            "pool": "default",
            "size": 10737418240,
            "source": null,
            "xml": []
          },
          "sensitive_attributes": [],
          "private": "bnVsbA==",
          "dependencies": [
            "libvirt_volume.ubuntu_base"
          ]
        }
      ]
    },
    {
      "mode": "managed",
      "type": "local_file",
      "name": "ansible_inventory",
      "provider": "provider[\"registry.opentofu.org/hashicorp/local\"]",
      "instances": [
        {
          "schema_version": 0,
          "attributes": {
            "content": "[bigdata]\ndevops-1 ansible_host=192.168.122.202\n\n[pipeline]\ndevops-2 ansible_host=192.168.122.46\n\n[monitoring]\ndevops-3 ansible_host=192.168.122.126\n\n[simulator]\ndevops-4 ansible_host=192.168.122.30\n\n[all:vars]\nansible_user=marcos\nansible_ssh_private_key_file=~/.ssh/devops_lab\nansible_ssh_common_args='-o StrictHostKeyChecking=no'\nansible_python_interpreter=/usr/bin/python3",
            "content_base64": null,
            "content_base64sha256": "yXBVj5f98X4vcJYKy4+nTuT48/idp5O4eqb5EeeGilo=",
            "content_base64sha512": "kRKc5m398i6scmt5zv9aO8VgGdwejJLt3yVWefDr2zRJ+9E/Za8eyto1E+j/+/bupnUY3PU+fKaMG4gso0/jAQ==",
            "content_md5": "cfdae5d76a4726e6ac36eba3f1db28af",
            "content_sha1": "1e7e9e2a90f876c2ea3af6f1ee8fb7ab8e0465ca",
            "content_sha256": "c970558f97fdf17e2f70960acb8fa74ee4f8f3f89da793b87aa6f911e7868a5a",
            "content_sha512": "91129ce66dfdf22eac726b79ceff5a3bc56019dc1e8c92eddf255679f0ebdb3449fbd13f65af1ecada3513e8fffbf6eea67518dcf53e7ca68c1b882ca34fe301",
            "directory_permission": "0777",
            "file_permission": "0777",
            "filename": "./../ansible/inventory.ini",
            "id": "1e7e9e2a90f876c2ea3af6f1ee8fb7ab8e0465ca",
            "sensitive_content": null,
            "source": null
          },
          "sensitive_attributes": [
            [
              {
                "type": "get_attr",
                "value": "sensitive_content"
              }
            ]
          ],
          "dependencies": [
            "libvirt_cloudinit_disk.init",
            "libvirt_domain.vm",
            "libvirt_volume.ubuntu_base",
            "libvirt_volume.vm_disk"
          ]
        }
      ]
    }
  ],
  "check_results": null
}

