{
  "version": 4,
  "terraform_version": "1.12.6",
  "serial": 16,
  "lineage": "89d13688-3471-fccf-146b-df7b9783583e",
  "outputs": {
    "ips": {
      "value": {
        "devops-1": "192.168.122.200",
        "devops-2": "192.168.122.231",
        "devops-3": "192.168.122.40",
        "devops-4": "192.168.122.50"
      },
      "type": [
        "object",
        {
          "devops-1": "string",
          "devops-2": "string",
          "devops-3": "string",
          "devops-4": "string"
        }
      ]
    }
  },
  "resources": [
    {
      "mode": "managed",
      "type": "libvirt_cloudinit_disk",
      "name": "init",
      "provider": "provider[\"registry.opentofu.org/dmacvicar/libvirt\"]",
      "instances": [
        {
          "index_key": 0,
          "schema_version": 0,
          "attributes": {
            "id": "/var/lib/libvirt/images/devops-1.cloudinit.iso;0cd727bf-7a13-4f67-a940-d6d1418b7a2c",
            "meta_data": "",
            "name": "devops-1.cloudinit.iso",
            "network_config": "",
            "pool": "default",
            "user_data": "#cloud-config\nhostname: devops-1\nmanage_etc_hosts: true\n\nusers:\n  - default\n  - name: marcos\n    gecos: DevOps lab\n    groups:\n      - adm\n      - sudo\n    shell: /bin/bash\n    sudo:\n      - ALL=(ALL) NOPASSWD:ALL\n    ssh_authorized_keys:\n      - ssh-ed25519 AAAAC3NzaC1lZDI1NTE5AAAAIKKUfDNAoypZoZt0eYDGKRnKDazoMgSTQyFRXhVRHSCa devops-lab # vai ser substituido pelo opentofu\n\nssh_pwauth: false\ndisable_root: true"
          },
          "sensitive_attributes": [],
          "private": "bnVsbA=="
        },
        {
          "index_key": 1,
          "schema_version": 0,
          "attributes": {
            "id": "/var/lib/libvirt/images/devops-2.cloudinit.iso;34c09748-4935-49ec-8c2d-a091a6c2a361",
            "meta_data": "",
            "name": "devops-2.cloudinit.iso",
            "network_config": "",
            "pool": "default",
            "user_data": "#cloud-config\nhostname: devops-2\nmanage_etc_hosts: true\n\nusers:\n  - default\n  - name: marcos\n    gecos: DevOps lab\n    groups:\n      - adm\n      - sudo\n    shell: /bin/bash\n    sudo:\n      - ALL=(ALL) NOPASSWD:ALL\n    ssh_authorized_keys:\n      - ssh-ed25519 AAAAC3NzaC1lZDI1NTE5AAAAIKKUfDNAoypZoZt0eYDGKRnKDazoMgSTQyFRXhVRHSCa devops-lab # vai ser substituido pelo opentofu\n\nssh_pwauth: false\ndisable_root: true"
          },
          "sensitive_attributes": [],
          "private": "bnVsbA=="
        },
        {
          "index_key": 2,
          "schema_version": 0,
          "attributes": {
            "id": "/var/lib/libvirt/images/devops-3.cloudinit.iso;14a940c4-2d24-4804-bfb6-a8d0329ee338",
            "meta_data": "",
            "name": "devops-3.cloudinit.iso",
            "network_config": "",
            "pool": "default",
            "user_data": "#cloud-config\nhostname: devops-3\nmanage_etc_hosts: true\n\nusers:\n  - default\n  - name: marcos\n    gecos: DevOps lab\n    groups:\n      - adm\n      - sudo\n    shell: /bin/bash\n    sudo:\n      - ALL=(ALL) NOPASSWD:ALL\n    ssh_authorized_keys:\n      - ssh-ed25519 AAAAC3NzaC1lZDI1NTE5AAAAIKKUfDNAoypZoZt0eYDGKRnKDazoMgSTQyFRXhVRHSCa devops-lab # vai ser substituido pelo opentofu\n\nssh_pwauth: false\ndisable_root: true"
          },
          "sensitive_attributes": [],
          "private": "bnVsbA=="
        },
        {
          "index_key": 3,
          "schema_version": 0,
          "attributes": {
            "id": "/var/lib/libvirt/images/devops-4.cloudinit.iso;47975d50-e735-4020-b062-fbb9121a3cb7",
            "meta_data": "",
            "name": "devops-4.cloudinit.iso",
            "network_config": "",
            "pool": "default",
            "user_data": "#cloud-config\nhostname: devops-4\nmanage_etc_hosts: true\n\nusers:\n  - default\n  - name: marcos\n    gecos: DevOps lab\n    groups:\n      - adm\n      - sudo\n    shell: /bin/bash\n    sudo:\n      - ALL=(ALL) NOPASSWD:ALL\n    ssh_authorized_keys:\n      - ssh-ed25519 AAAAC3NzaC1lZDI1NTE5AAAAIKKUfDNAoypZoZt0eYDGKRnKDazoMgSTQyFRXhVRHSCa devops-lab # vai ser substituido pelo opentofu\n\nssh_pwauth: false\ndisable_root: true"
          },
          "sensitive_attributes": [],
          "private": "bnVsbA=="
        }
      ]
    },
    {
      "mode": "managed",
      "type": "libvirt_domain",
      "name": "vm",
      "provider": "provider[\"registry.opentofu.org/dmacvicar/libvirt\"]",
      "instances": [
        {
          "index_key": 0,
          "schema_version": 0,
          "attributes": {
            "arch": "x86_64",
            "autostart": false,
            "boot_device": [],
            "cloudinit": "/var/lib/libvirt/images/devops-1.cloudinit.iso;0cd727bf-7a13-4f67-a940-d6d1418b7a2c",
            "cmdline": null,
            "console": [
              {
                "source_host": "127.0.0.1",
                "source_path": "",
                "source_service": "0",
                "target_port": "0",
                "target_type": "serial",
                "type": "pty"
              }
            ],
            "coreos_ignition": null,
            "cpu": [
              {
                "mode": "custom"
              }
            ],
            "description": "",
            "disk": [
              {
                "block_device": "",
                "file": "",
                "scsi": false,
                "url": "",
                "volume_id": "/var/lib/libvirt/images/dev-ops-1.qcow2",
                "wwn": ""
              }
            ],
            "emulator": "/usr/bin/qemu-system-x86_64",
            "filesystem": [],
            "firmware": null,
            "fw_cfg_name": "opt/com.coreos/config",
            "graphics": [],
            "id": "927f6651-ef27-4713-a249-d97d48bd66cf",
            "initrd": "",
            "kernel": "",
            "machine": "pc",
            "memory": 1024,
            "metadata": null,
            "name": "devops-1",
            "network_interface": [
              {
                "addresses": [
                  "192.168.122.200"
                ],
                "bridge": "",
                "hostname": "",
                "mac": "52:54:00:5A:21:00",
                "macvtap": "",
                "network_id": "9aaf2d09-d899-4d47-825b-a64e1fdc20a4",
                "network_name": "default",
                "passthrough": "",
                "private": "",
                "vepa": "",
                "wait_for_lease": true
              }
            ],
            "nvram": null,
            "qemu_agent": false,
            "running": true,
            "timeouts": null,
            "tpm": [],
            "type": "kvm",
            "vcpu": 1,
            "video": [],
            "xml": []
          },
          "sensitive_attributes": [],
          "private": "eyJlMmJmYjczMC1lY2FhLTExZTYtOGY4OC0zNDM2M2JjN2M0YzAiOnsiY3JlYXRlIjozMDAwMDAwMDAwMDB9fQ==",
          "dependencies": [
            "libvirt_cloudinit_disk.init",
            "libvirt_volume.ubuntu_base",
            "libvirt_volume.vm_disk"
          ]
        },
        {
          "index_key": 1,
          "schema_version": 0,
          "attributes": {
            "arch": "x86_64",
            "autostart": false,
            "boot_device": [],
            "cloudinit": "/var/lib/libvirt/images/devops-2.cloudinit.iso;34c09748-4935-49ec-8c2d-a091a6c2a361",
            "cmdline": null,
            "console": [
              {
                "source_host": "127.0.0.1",
                "source_path": "",
                "source_service": "0",
                "target_port": "0",
                "target_type": "serial",
                "type": "pty"
              }
            ],
            "coreos_ignition": null,
            "cpu": [
              {
                "mode": "custom"
              }
            ],
            "description": "",
            "disk": [
              {
                "block_device": "",
                "file": "",
                "scsi": false,
                "url": "",
                "volume_id": "/var/lib/libvirt/images/dev-ops-2.qcow2",
                "wwn": ""
              }
            ],
            "emulator": "/usr/bin/qemu-system-x86_64",
            "filesystem": [],
            "firmware": null,
            "fw_cfg_name": "opt/com.coreos/config",
            "graphics": [],
            "id": "86d2ebd0-d833-4b63-855a-a7cf328fb63e",
            "initrd": "",
            "kernel": "",
            "machine": "pc",
            "memory": 1024,
            "metadata": null,
            "name": "devops-2",
            "network_interface": [
              {
                "addresses": [
                  "192.168.122.231"
                ],
                "bridge": "",
                "hostname": "",
                "mac": "52:54:00:6E:B7:09",
                "macvtap": "",
                "network_id": "9aaf2d09-d899-4d47-825b-a64e1fdc20a4",
                "network_name": "default",
                "passthrough": "",
                "private": "",
                "vepa": "",
                "wait_for_lease": true
              }
            ],
            "nvram": null,
            "qemu_agent": false,
            "running": true,
            "timeouts": null,
            "tpm": [],
            "type": "kvm",
            "vcpu": 1,
            "video": [],
            "xml": []
          },
          "sensitive_attributes": [],
          "private": "eyJlMmJmYjczMC1lY2FhLTExZTYtOGY4OC0zNDM2M2JjN2M0YzAiOnsiY3JlYXRlIjozMDAwMDAwMDAwMDB9fQ==",
          "dependencies": [
            "libvirt_cloudinit_disk.init",
            "libvirt_volume.ubuntu_base",
            "libvirt_volume.vm_disk"
          ]
        },
        {
          "index_key": 2,
          "schema_version": 0,
          "attributes": {
            "arch": "x86_64",
            "autostart": false,
            "boot_device": [],
            "cloudinit": "/var/lib/libvirt/images/devops-3.cloudinit.iso;14a940c4-2d24-4804-bfb6-a8d0329ee338",
            "cmdline": null,
            "console": [
              {
                "source_host": "127.0.0.1",
                "source_path": "",
                "source_service": "0",
                "target_port": "0",
                "target_type": "serial",
                "type": "pty"
              }
            ],
            "coreos_ignition": null,
            "cpu": [
              {
                "mode": "custom"
              }
            ],
            "description": "",
            "disk": [
              {
                "block_device": "",
                "file": "",
                "scsi": false,
                "url": "",
                "volume_id": "/var/lib/libvirt/images/dev-ops-3.qcow2",
                "wwn": ""
              }
            ],
            "emulator": "/usr/bin/qemu-system-x86_64",
            "filesystem": [],
            "firmware": null,
            "fw_cfg_name": "opt/com.coreos/config",
            "graphics": [],
            "id": "0c942621-6a6a-4463-a9fe-89e2b208dbc9",
            "initrd": "",
            "kernel": "",
            "machine": "pc",
            "memory": 1024,
            "metadata": null,
            "name": "devops-3",
            "network_interface": [
              {
                "addresses": [
                  "192.168.122.40"
                ],
                "bridge": "",
                "hostname": "",
                "mac": "52:54:00:2A:77:0D",
                "macvtap": "",
                "network_id": "9aaf2d09-d899-4d47-825b-a64e1fdc20a4",
                "network_name": "default",
                "passthrough": "",
                "private": "",
                "vepa": "",
                "wait_for_lease": true
              }
            ],
            "nvram": null,
            "qemu_agent": false,
            "running": true,
            "timeouts": null,
            "tpm": [],
            "type": "kvm",
            "vcpu": 1,
            "video": [],
            "xml": []
          },
          "sensitive_attributes": [],
          "private": "eyJlMmJmYjczMC1lY2FhLTExZTYtOGY4OC0zNDM2M2JjN2M0YzAiOnsiY3JlYXRlIjozMDAwMDAwMDAwMDB9fQ==",
          "dependencies": [
            "libvirt_cloudinit_disk.init",
            "libvirt_volume.ubuntu_base",
            "libvirt_volume.vm_disk"
          ]
        },
        {
          "index_key": 3,
          "schema_version": 0,
          "attributes": {
            "arch": "x86_64",
            "autostart": false,
            "boot_device": [],
            "cloudinit": "/var/lib/libvirt/images/devops-4.cloudinit.iso;47975d50-e735-4020-b062-fbb9121a3cb7",
            "cmdline": null,
            "console": [
              {
                "source_host": "127.0.0.1",
                "source_path": "",
                "source_service": "0",
                "target_port": "0",
                "target_type": "serial",
                "type": "pty"
              }
            ],
            "coreos_ignition": null,
            "cpu": [
              {
                "mode": "custom"
              }
            ],
            "description": "",
            "disk": [
              {
                "block_device": "",
                "file": "",
                "scsi": false,
                "url": "",
                "volume_id": "/var/lib/libvirt/images/dev-ops-4.qcow2",
                "wwn": ""
              }
            ],
            "emulator": "/usr/bin/qemu-system-x86_64",
            "filesystem": [],
            "firmware": null,
            "fw_cfg_name": "opt/com.coreos/config",
            "graphics": [],
            "id": "46cbfa67-ad70-4b33-ba6f-b2408050ffbc",
            "initrd": "",
            "kernel": "",
            "machine": "pc",
            "memory": 1024,
            "metadata": null,
            "name": "devops-4",
            "network_interface": [
              {
                "addresses": [
                  "192.168.122.50"
                ],
                "bridge": "",
                "hostname": "",
                "mac": "52:54:00:52:71:FD",
                "macvtap": "",
                "network_id": "9aaf2d09-d899-4d47-825b-a64e1fdc20a4",
                "network_name": "default",
                "passthrough": "",
                "private": "",
                "vepa": "",
                "wait_for_lease": true
              }
            ],
            "nvram": null,
            "qemu_agent": false,
            "running": true,
            "timeouts": null,
            "tpm": [],
            "type": "kvm",
            "vcpu": 1,
            "video": [],
            "xml": []
          },
          "sensitive_attributes": [],
          "private": "eyJlMmJmYjczMC1lY2FhLTExZTYtOGY4OC0zNDM2M2JjN2M0YzAiOnsiY3JlYXRlIjozMDAwMDAwMDAwMDB9fQ==",
          "dependencies": [
            "libvirt_cloudinit_disk.init",
            "libvirt_volume.ubuntu_base",
            "libvirt_volume.vm_disk"
          ]
        }
      ]
    },
    {
      "mode": "managed",
      "type": "libvirt_volume",
      "name": "ubuntu_base",
      "provider": "provider[\"registry.opentofu.org/dmacvicar/libvirt\"]",
      "instances": [
        {
          "schema_version": 0,
          "attributes": {
            "base_volume_id": null,
            "base_volume_name": null,
            "base_volume_pool": null,
            "format": "qcow2",
            "id": "/var/lib/libvirt/images/ubuntu-24.04-base.qcow2",
            "name": "ubuntu-24.04-base.qcow2",
            "pool": "default",
            "size": 3758096384,
            "source": "https://cloud-images.ubuntu.com/noble/current/noble-server-cloudimg-amd64.img",
            "xml": []
          },
          "sensitive_attributes": [],
          "private": "bnVsbA=="
        }
      ]
    },
    {
      "mode": "managed",
      "type": "libvirt_volume",
      "name": "vm_disk",
      "provider": "provider[\"registry.opentofu.org/dmacvicar/libvirt\"]",
      "instances": [
        {
          "index_key": 0,
          "schema_version": 0,
          "attributes": {
            "base_volume_id": "/var/lib/libvirt/images/ubuntu-24.04-base.qcow2",
            "base_volume_name": null,
            "base_volume_pool": null,
            "format": "qcow2",
            "id": "/var/lib/libvirt/images/dev-ops-1.qcow2",
            "name": "dev-ops-1.qcow2",
            "pool": "default",
            "size": 10737418240,
            "source": null,
            "xml": []
          },
          "sensitive_attributes": [],
          "private": "bnVsbA==",
          "dependencies": [
            "libvirt_volume.ubuntu_base"
          ]
        },
        {
          "index_key": 1,
          "schema_version": 0,
          "attributes": {
            "base_volume_id": "/var/lib/libvirt/images/ubuntu-24.04-base.qcow2",
            "base_volume_name": null,
            "base_volume_pool": null,
            "format": "qcow2",
            "id": "/var/lib/libvirt/images/dev-ops-2.qcow2",
            "name": "dev-ops-2.qcow2",
            "pool": "default",
            "size": 10737418240,
            "source": null,
            "xml": []
          },
          "sensitive_attributes": [],
          "private": "bnVsbA==",
          "dependencies": [
            "libvirt_volume.ubuntu_base"
          ]
        },
        {
          "index_key": 2,
          "schema_version": 0,
          "attributes": {
            "base_volume_id": "/var/lib/libvirt/images/ubuntu-24.04-base.qcow2",
            "base_volume_name": null,
            "base_volume_pool": null,
            "format": "qcow2",
            "id": "/var/lib/libvirt/images/dev-ops-3.qcow2",
            "name": "dev-ops-3.qcow2",
            "pool": "default",
            "size": 10737418240,
            "source": null,
            "xml": []
          },
          "sensitive_attributes": [],
          "private": "bnVsbA==",
          "dependencies": [
            "libvirt_volume.ubuntu_base"
          ]
        },
        {
          "index_key": 3,
          "schema_version": 0,
          "attributes": {
            "base_volume_id": "/var/lib/libvirt/images/ubuntu-24.04-base.qcow2",
            "base_volume_name": null,
            "base_volume_pool": null,
            "format": "qcow2",
            "id": "/var/lib/libvirt/images/dev-ops-4.qcow2",
            "name": "dev-ops-4.qcow2",
            "pool": "default",
            "size": 10737418240,
            "source": null,
            "xml": []
          },
          "sensitive_attributes": [],
          "private": "bnVsbA==",
          "dependencies": [
            "libvirt_volume.ubuntu_base"
          ]
        }
      ]
    },
    {
      "mode": "managed",
      "type": "local_file",
      "name": "ansible_inventory",
      "provider": "provider[\"registry.opentofu.org/hashicorp/local\"]",
      "instances": [
        {
          "schema_version": 0,
          "attributes": {
            "content": "[bigdata]\ndevops-1 ansible_host=192.168.122.200\n\n[etl]\ndevops-2 ansible_host=192.168.122.231\n\n[monitoring]\ndevops-3 ansible_host=192.168.122.40\n\n[simulator]\ndevops-4 ansible_host=192.168.122.50\n\n[all:vars]\nansible_user=marcos\nansible_ssh_private_key_file=~/.ssh/devops_lab\nansible_ssh_common_args='-o StrictHostKeyChecking=no'\nansible_python_interpreter=/usr/bin/python3",
            "content_base64": null,
            "content_base64sha256": "lgJ/UEb8AndaztnxTTTsXYZlpiy/VdBMBUkwarc9FX8=",
            "content_base64sha512": "qQkWDNbqU67P0AUWjykgIlxcvs0/YqKo82G/mcA8sDb8Z2qyTpE604bDOo0uLsPWyITG1Gw0BL/q8+3XnAjruA==",
            "content_md5": "b428ab6c6c187223ee720ebb439999e0",
            "content_sha1": "182d06e70243e77f1fed4d407cfc52725e7d9213",
            "content_sha256": "96027f5046fc02775aced9f14d34ec5d8665a62cbf55d04c0549306ab73d157f",
            "content_sha512": "a909160cd6ea53aecfd005168f2920225c5cbecd3f62a2a8f361bf99c03cb036fc676ab24e913ad386c33a8d2e2ec3d6c884c6d46c3404bfeaf3edd79c08ebb8",
            "directory_permission": "0777",
            "file_permission": "0777",
            "filename": "./../ansible/inventory.ini",
            "id": "182d06e70243e77f1fed4d407cfc52725e7d9213",
            "sensitive_content": null,
            "source": null
          },
          "sensitive_attributes": [
            [
              {
                "type": "get_attr",
                "value": "sensitive_content"
              }
            ]
          ],
          "dependencies": [
            "libvirt_cloudinit_disk.init",
            "libvirt_domain.vm",
            "libvirt_volume.ubuntu_base",
            "libvirt_volume.vm_disk"
          ]
        }
      ]
    }
  ],
  "check_results": null
}

